{
  "nodes": {
    "fenix": {
      "inputs": {
        "nixpkgs": [
          "nixpkgs"
        ],
        "rust-analyzer-src": "rust-analyzer-src"
      },
      "locked": {
        "lastModified": 1764830916,
        "narHash": "sha256-GCw5hPDoA2gXqRh6ThWxcXzA+DqqRR7DaLfPx69SVEg=",
        "owner": "nix-community",
        "repo": "fenix",
        "rev": "ea1d6932e79aa6931c932c83957f6547064759e2",
        "type": "github"
      },
      "original": {
        "owner": "nix-community",
        "repo": "fenix",
        "type": "github"
      }
    },
    "flake-utils": {
      "inputs": {
        "systems": "systems"
      },
      "locked": {
        "lastModified": 1726560853,
        "narHash": "sha256-X6rJYSESBVr3hBoH0WbKE5KvhPU5bloyZ2L4K60/fPQ=",
        "owner": "numtide",
        "repo": "flake-utils",
        "rev": "c1dfcf08411b08f6b8615f7d8971a2bfa81d5e8a",
        "type": "github"
      },
      "original": {
        "owner": "numtide",
        "repo": "flake-utils",
        "type": "github"
      }
    },
    "home-manager": {
      "inputs": {
        "nixpkgs": [
          "nixpkgs"
        ]
      },
      "locked": {
        "lastModified": 1764839789,
        "narHash": "sha256-QCgaXEj8036JlfyVM2e5fgKIxoF7IgGRcAi8LkehKvo=",
        "owner": "nix-community",
        "repo": "home-manager",
        "rev": "d441981b200305ebb8e2e2921395f51d207fded6",
        "type": "github"
      },
      "original": {
        "owner": "nix-community",
        "repo": "home-manager",
        "type": "github"
      }
    },
    "nix-github-actions": {
      "inputs": {
        "nixpkgs": [
          "poetry2nix",
          "nixpkgs"
        ]
      },
      "locked": {
        "lastModified": 1729742964,
        "narHash": "sha256-B4mzTcQ0FZHdpeWcpDYPERtyjJd/NIuaQ9+BV1h+MpA=",
        "owner": "nix-community",
        "repo": "nix-github-actions",
        "rev": "e04df33f62cdcf93d73e9a04142464753a16db67",
        "type": "github"
      },
      "original": {
        "owner": "nix-community",
        "repo": "nix-github-actions",
        "type": "github"
      }
    },
    "nixos-hardware": {
      "locked": {
        "lastModified": 1764440730,
        "narHash": "sha256-ZlJTNLUKQRANlLDomuRWLBCH5792x+6XUJ4YdFRjtO4=",
        "owner": "NixOS",
        "repo": "nixos-hardware",
        "rev": "9154f4569b6cdfd3c595851a6ba51bfaa472d9f3",
        "type": "github"
      },
      "original": {
        "owner": "NixOS",
        "ref": "master",
        "repo": "nixos-hardware",
        "type": "github"
      }
    },
    "nixpkgs": {
      "locked": {
        "lastModified": 1764794580,
        "narHash": "sha256-UMVihg0OQ980YqmOAPz+zkuCEb9hpE5Xj2v+ZGNjQ+M=",
        "owner": "nixos",
        "repo": "nixpkgs",
        "rev": "ebc94f855ef25347c314258c10393a92794e7ab9",
        "type": "github"
      },
      "original": {
        "owner": "nixos",
        "ref": "nixpkgs-unstable",
        "repo": "nixpkgs",
        "type": "github"
      }
    },
    "poetry2nix": {
      "inputs": {
        "flake-utils": "flake-utils",
        "nix-github-actions": "nix-github-actions",
        "nixpkgs": [
          "nixpkgs"
        ],
        "systems": "systems_2",
        "treefmt-nix": "treefmt-nix"
      },
      "locked": {
        "lastModified": 1743690424,
        "narHash": "sha256-cX98bUuKuihOaRp8dNV1Mq7u6/CQZWTPth2IJPATBXc=",
        "owner": "nix-community",
        "repo": "poetry2nix",
        "rev": "ce2369db77f45688172384bbeb962bc6c2ea6f94",
        "type": "github"
      },
      "original": {
        "owner": "nix-community",
        "repo": "poetry2nix",
        "type": "github"
      }
    },
    "root": {
      "inputs": {
        "fenix": "fenix",
        "home-manager": "home-manager",
        "nixos-hardware": "nixos-hardware",
        "nixpkgs": "nixpkgs",
        "poetry2nix": "poetry2nix",
        "utils": "utils"
      }
    },
    "rust-analyzer-src": {
      "flake": false,
      "locked": {
        "lastModified": 1764778537,
        "narHash": "sha256-SNL+Fj1ZWiBqCrHJT1S9vMZujrWxCOmf3zkT66XSnhE=",
        "owner": "rust-lang",
        "repo": "rust-analyzer",
        "rev": "633cff25206d5108043d87617a43c9d04aa42c88",
        "type": "github"
      },
      "original": {
        "owner": "rust-lang",
        "ref": "nightly",
        "repo": "rust-analyzer",
        "type": "github"
      }
    },
    "systems": {
      "locked": {
        "lastModified": 1681028828,
        "narHash": "sha256-Vy1rq5AaRuLzOxct8nz4T6wlgyUR7zLU309k9mBC768=",
        "owner": "nix-systems",
        "repo": "default",
        "rev": "da67096a3b9bf56a91d16901293e51ba5b49a27e",
        "type": "github"
      },
      "original": {
        "owner": "nix-systems",
        "repo": "default",
        "type": "github"
      }
    },
    "systems_2": {
      "locked": {
        "lastModified": 1681028828,
        "narHash": "sha256-Vy1rq5AaRuLzOxct8nz4T6wlgyUR7zLU309k9mBC768=",
        "owner": "nix-systems",
        "repo": "default",
        "rev": "da67096a3b9bf56a91d16901293e51ba5b49a27e",
        "type": "github"
      },
      "original": {
        "owner": "nix-systems",
        "repo": "default",
        "type": "github"
      }
    },
    "systems_3": {
      "locked": {
        "lastModified": 1681028828,
        "narHash": "sha256-Vy1rq5AaRuLzOxct8nz4T6wlgyUR7zLU309k9mBC768=",
        "owner": "nix-systems",
        "repo": "default",
        "rev": "da67096a3b9bf56a91d16901293e51ba5b49a27e",
        "type": "github"
      },
      "original": {
        "owner": "nix-systems",
        "repo": "default",
        "type": "github"
      }
    },
    "treefmt-nix": {
      "inputs": {
        "nixpkgs": [
          "poetry2nix",
          "nixpkgs"
        ]
      },
      "locked": {
        "lastModified": 1730120726,
        "narHash": "sha256-LqHYIxMrl/1p3/kvm2ir925tZ8DkI0KA10djk8wecSk=",
        "owner": "numtide",
        "repo": "treefmt-nix",
        "rev": "9ef337e492a5555d8e17a51c911ff1f02635be15",
        "type": "github"
      },
      "original": {
        "owner": "numtide",
        "repo": "treefmt-nix",
        "type": "github"
      }
    },
    "utils": {
      "inputs": {
        "systems": "systems_3"
      },
      "locked": {
        "lastModified": 1731533236,
        "narHash": "sha256-l0KFg5HjrsfsO/JpG+r7fRrqm12kzFHyUHqHCVpMMbI=",
        "owner": "numtide",
        "repo": "flake-utils",
        "rev": "11707dc2f618dd54ca8739b309ec4fc024de578b",
        "type": "github"
      },
      "original": {
        "owner": "numtide",
        "repo": "flake-utils",
        "type": "github"
      }
    }
  },
  "root": "root",
  "version": 7
}
